
Microsoft Visual Studio Solution File, Format Version 12.00
# Visual Studio Version 17
VisualStudioVersion = 17.5.002.0
MinimumVisualStudioVersion = 10.0.40219.1
Project("{9A19103F-16F7-4668-BE54-9A1E7A4F7556}") = "Api Example", "Api Example.csproj", "{F5EF80CA-9DCD-4206-8C4C-B941DE876402}"
EndProject
Global
	GlobalSection(SolutionConfigurationPlatforms) = preSolution
		Debug|Any CPU = Debug|Any CPU
		Release|Any CPU = Release|Any CPU
	EndGlobalSection
	GlobalSection(ProjectConfigurationPlatforms) = postSolution
		{F5EF80CA-9DCD-4206-8C4C-B941DE876402}.Debug|Any CPU.ActiveCfg = Debug|Any CPU
		{F5EF80CA-9DCD-4206-8C4C-B941DE876402}.Debug|Any CPU.Build.0 = Debug|Any CPU
		{F5EF80CA-9DCD-4206-8C4C-B941DE876402}.Release|Any CPU.ActiveCfg = Release|Any CPU
		{F5EF80CA-9DCD-4206-8C4C-B941DE876402}.Release|Any CPU.Build.0 = Release|Any CPU
	EndGlobalSection
	GlobalSection(SolutionProperties) = preSolution
		HideSolutionNode = FALSE
	EndGlobalSection
	GlobalSection(ExtensibilityGlobals) = postSolution
		SolutionGuid = {C7185FB2-62B2-45DC-A4CD-DE110F58DCB1}
	EndGlobalSection
EndGlobal
